
Microsoft Visual Studio Solution File, Format Version 10.00
# Visual Studio 2008
Project("{FAE04EC0-301F-11D3-BF4B-00C04F79EFBC}") = "MediaCreator", "MediaCreator\MediaCreator.csproj", "{48358693-A750-4A49-933B-7EDF70463025}"
EndProject
Project("{54435603-DBB4-11D2-8724-00A0C9A8B90C}") = "MediaCreatorInstaller", "MediaCreatorInstaller\MediaCreatorInstaller.vdproj", "{C5231735-A7BF-43F2-AE10-C6BD18F3F134}"
EndProject
Global
	GlobalSection(SolutionConfigurationPlatforms) = preSolution
		Debug|Any CPU = Debug|Any CPU
		Release|Any CPU = Release|Any CPU
	EndGlobalSection
	GlobalSection(ProjectConfigurationPlatforms) = postSolution
		{48358693-A750-4A49-933B-7EDF70463025}.Debug|Any CPU.ActiveCfg = Debug|Any CPU
		{48358693-A750-4A49-933B-7EDF70463025}.Debug|Any CPU.Build.0 = Debug|Any CPU
		{48358693-A750-4A49-933B-7EDF70463025}.Release|Any CPU.ActiveCfg = Release|Any CPU
		{48358693-A750-4A49-933B-7EDF70463025}.Release|Any CPU.Build.0 = Release|Any CPU
		{C5231735-A7BF-43F2-AE10-C6BD18F3F134}.Debug|Any CPU.ActiveCfg = Debug
		{C5231735-A7BF-43F2-AE10-C6BD18F3F134}.Release|Any CPU.ActiveCfg = Release
	EndGlobalSection
	GlobalSection(SolutionProperties) = preSolution
		HideSolutionNode = FALSE
	EndGlobalSection
EndGlobal
